
Microsoft Visual Studio Solution File, Format Version 12.00
# Visual Studio Version 16
VisualStudioVersion = 16.0.29123.88
MinimumVisualStudioVersion = 10.0.40219.1
Project("{2150E333-8FDC-42A3-9474-1A3956D46DE8}") = "Solution Items", "Solution Items", "{71012F51-E7D3-4D12-A87C-B6B163643309}"
	ProjectSection(SolutionItems) = preProject
		.gitattributes = .gitattributes
		.gitignore = .gitignore
		build = build
		build.bat = build.bat
		build.ps1 = build.ps1
		Directory.Build.props = Directory.Build.props
		Directory.Build.targets = Directory.Build.targets
		FUNDING.yml = FUNDING.yml
		README.md = README.md
	EndProjectSection
EndProject
Project("{2150E333-8FDC-42A3-9474-1A3956D46DE8}") = ".build", ".build", "{FB359D70-1DCB-4817-8758-1DA9F6571B6F}"
	ProjectSection(SolutionItems) = preProject
		azure-pipelines.yml = azure-pipelines.yml
		.build\dependencies.props = .build\dependencies.props
		.build\nuget.props = .build\nuget.props
		.build\runbuild.ps1 = .build\runbuild.ps1
		version.json = version.json
		.build\version.ps1 = .build\version.ps1
	EndProjectSection
EndProject
Project("{2150E333-8FDC-42A3-9474-1A3956D46DE8}") = "azure-templates", "azure-templates", "{E7201A50-30CD-4C4C-8E52-3C197E138140}"
	ProjectSection(SolutionItems) = preProject
		.build\azure-templates\build-pack-and-publish-libraries.yml = .build\azure-templates\build-pack-and-publish-libraries.yml
		.build\azure-templates\gitversioning-increment-and-persist-versions.yml = .build\azure-templates\gitversioning-increment-and-persist-versions.yml
		.build\azure-templates\install-dotnet-sdk.yml = .build\azure-templates\install-dotnet-sdk.yml
		.build\azure-templates\publish-nuget-packages.yml = .build\azure-templates\publish-nuget-packages.yml
		.build\azure-templates\publish-test-results-for-target-frameworks.yml = .build\azure-templates\publish-test-results-for-target-frameworks.yml
		.build\azure-templates\publish-test-results-for-test-projects.yml = .build\azure-templates\publish-test-results-for-test-projects.yml
		.build\azure-templates\publish-test-results.yml = .build\azure-templates\publish-test-results.yml
		.build\azure-templates\run-tests-on-os.yml = .build\azure-templates\run-tests-on-os.yml
		.build\azure-templates\show-all-environment-variables.yml = .build\azure-templates\show-all-environment-variables.yml
		.build\azure-templates\show-all-files.yml = .build\azure-templates\show-all-files.yml
	EndProjectSection
EndProject
Project("{2150E333-8FDC-42A3-9474-1A3956D46DE8}") = "psake", "psake", "{4BFE738F-3D99-4408-85D4-E882737F9CEC}"
	ProjectSection(SolutionItems) = preProject
		.build\psake\psake = .build\psake\psake
		.build\psake\psake-config.ps1 = .build\psake\psake-config.ps1
		.build\psake\psake.cmd = .build\psake\psake.cmd
		.build\psake\psake.ps1 = .build\psake\psake.ps1
		.build\psake\psake.psd1 = .build\psake\psake.psd1
		.build\psake\psake.psm1 = .build\psake\psake.psm1
		.build\psake\readme.md = .build\psake\readme.md
	EndProjectSection
EndProject
Project("{2150E333-8FDC-42A3-9474-1A3956D46DE8}") = "public", "public", "{DB6B3C48-B1B1-4977-9FB0-333ED71E84E1}"
	ProjectSection(SolutionItems) = preProject
		.build\psake\public\Assert.ps1 = .build\psake\public\Assert.ps1
		.build\psake\public\BuildSetup.ps1 = .build\psake\public\BuildSetup.ps1
		.build\psake\public\BuildTearDown.ps1 = .build\psake\public\BuildTearDown.ps1
		.build\psake\public\Exec.ps1 = .build\psake\public\Exec.ps1
		.build\psake\public\FormatTaskName.ps1 = .build\psake\public\FormatTaskName.ps1
		.build\psake\public\Framework.ps1 = .build\psake\public\Framework.ps1
		.build\psake\public\Get-PSakeScriptTasks.ps1 = .build\psake\public\Get-PSakeScriptTasks.ps1
		.build\psake\public\Include.ps1 = .build\psake\public\Include.ps1
		.build\psake\public\Invoke-psake.ps1 = .build\psake\public\Invoke-psake.ps1
		.build\psake\public\Invoke-Task.ps1 = .build\psake\public\Invoke-Task.ps1
		.build\psake\public\Properties.ps1 = .build\psake\public\Properties.ps1
		.build\psake\public\Task.ps1 = .build\psake\public\Task.ps1
		.build\psake\public\TaskSetup.ps1 = .build\psake\public\TaskSetup.ps1
		.build\psake\public\TaskTearDown.ps1 = .build\psake\public\TaskTearDown.ps1
	EndProjectSection
EndProject
Project("{2150E333-8FDC-42A3-9474-1A3956D46DE8}") = "private", "private", "{BC910C84-EF7C-4F69-AA76-47C0EC06D809}"
	ProjectSection(SolutionItems) = preProject
		.build\psake\private\CleanupEnvironment.ps1 = .build\psake\private\CleanupEnvironment.ps1
		.build\psake\private\ConfigureBuildEnvironment.ps1 = .build\psake\private\ConfigureBuildEnvironment.ps1
		.build\psake\private\CreateConfigurationForNewContext.ps1 = .build\psake\private\CreateConfigurationForNewContext.ps1
		.build\psake\private\ExecuteInBuildFileScope.ps1 = .build\psake\private\ExecuteInBuildFileScope.ps1
		.build\psake\private\FormatErrorMessage.ps1 = .build\psake\private\FormatErrorMessage.ps1
		.build\psake\private\Get-DefaultBuildFile.ps1 = .build\psake\private\Get-DefaultBuildFile.ps1
		.build\psake\private\GetCurrentConfigurationOrDefault.ps1 = .build\psake\private\GetCurrentConfigurationOrDefault.ps1
		.build\psake\private\GetTasksFromContext.ps1 = .build\psake\private\GetTasksFromContext.ps1
		.build\psake\private\LoadConfiguration.ps1 = .build\psake\private\LoadConfiguration.ps1
		.build\psake\private\LoadModules.ps1 = .build\psake\private\LoadModules.ps1
		.build\psake\private\ResolveError.ps1 = .build\psake\private\ResolveError.ps1
		.build\psake\private\SelectObjectWithDefault.ps1 = .build\psake\private\SelectObjectWithDefault.ps1
		.build\psake\private\Test-ModuleVersion.ps1 = .build\psake\private\Test-ModuleVersion.ps1
		.build\psake\private\WriteColoredOutput.ps1 = .build\psake\private\WriteColoredOutput.ps1
		.build\psake\private\WriteDocumentation.ps1 = .build\psake\private\WriteDocumentation.ps1
		.build\psake\private\WriteTaskTimeSummary.ps1 = .build\psake\private\WriteTaskTimeSummary.ps1
	EndProjectSection
EndProject
Project("{2150E333-8FDC-42A3-9474-1A3956D46DE8}") = "docs", "docs", "{15022E44-AB6B-46AB-B9C3-CFADD45E900A}"
	ProjectSection(SolutionItems) = preProject
		docs\building-and-testing.md = docs\building-and-testing.md
		docs\make-release.md = docs\make-release.md
	EndProjectSection
EndProject
Project("{2150E333-8FDC-42A3-9474-1A3956D46DE8}") = "src", "src", "{7D1B620E-C3E9-4BA9-B718-1E9216A75013}"
EndProject
Project("{2150E333-8FDC-42A3-9474-1A3956D46DE8}") = "tests", "tests", "{C1D99A72-70E9-4366-88F7-A3C3C88A37E5}"
EndProject
Project("{9A19103F-16F7-4668-BE54-9A1E7A4F7556}") = "Spatial4n", "src\Spatial4n\Spatial4n.csproj", "{B99FD75B-CBB5-437F-9FF9-11338EB5368F}"
EndProject
Project("{9A19103F-16F7-4668-BE54-9A1E7A4F7556}") = "Spatial4n.Tests", "tests\Spatial4n.Tests\Spatial4n.Tests.csproj", "{B651B297-335A-4A15-B0D3-8C50072EAF1A}"
EndProject
Global
	GlobalSection(SolutionConfigurationPlatforms) = preSolution
		Debug|Any CPU = Debug|Any CPU
		Release|Any CPU = Release|Any CPU
	EndGlobalSection
	GlobalSection(ProjectConfigurationPlatforms) = postSolution
		{B99FD75B-CBB5-437F-9FF9-11338EB5368F}.Debug|Any CPU.ActiveCfg = Debug|Any CPU
		{B99FD75B-CBB5-437F-9FF9-11338EB5368F}.Debug|Any CPU.Build.0 = Debug|Any CPU
		{B99FD75B-CBB5-437F-9FF9-11338EB5368F}.Release|Any CPU.ActiveCfg = Release|Any CPU
		{B99FD75B-CBB5-437F-9FF9-11338EB5368F}.Release|Any CPU.Build.0 = Release|Any CPU
		{B651B297-335A-4A15-B0D3-8C50072EAF1A}.Debug|Any CPU.ActiveCfg = Debug|Any CPU
		{B651B297-335A-4A15-B0D3-8C50072EAF1A}.Debug|Any CPU.Build.0 = Debug|Any CPU
		{B651B297-335A-4A15-B0D3-8C50072EAF1A}.Release|Any CPU.ActiveCfg = Release|Any CPU
		{B651B297-335A-4A15-B0D3-8C50072EAF1A}.Release|Any CPU.Build.0 = Release|Any CPU
	EndGlobalSection
	GlobalSection(SolutionProperties) = preSolution
		HideSolutionNode = FALSE
	EndGlobalSection
	GlobalSection(NestedProjects) = preSolution
		{E7201A50-30CD-4C4C-8E52-3C197E138140} = {FB359D70-1DCB-4817-8758-1DA9F6571B6F}
		{4BFE738F-3D99-4408-85D4-E882737F9CEC} = {FB359D70-1DCB-4817-8758-1DA9F6571B6F}
		{DB6B3C48-B1B1-4977-9FB0-333ED71E84E1} = {4BFE738F-3D99-4408-85D4-E882737F9CEC}
		{BC910C84-EF7C-4F69-AA76-47C0EC06D809} = {4BFE738F-3D99-4408-85D4-E882737F9CEC}
		{B99FD75B-CBB5-437F-9FF9-11338EB5368F} = {7D1B620E-C3E9-4BA9-B718-1E9216A75013}
		{B651B297-335A-4A15-B0D3-8C50072EAF1A} = {C1D99A72-70E9-4366-88F7-A3C3C88A37E5}
	EndGlobalSection
	GlobalSection(ExtensibilityGlobals) = postSolution
		SolutionGuid = {98F91951-027C-4289-BC4C-14FF44D91078}
	EndGlobalSection
EndGlobal
